
Microsoft Visual Studio Solution File, Format Version 12.00
# Visual Studio 15
VisualStudioVersion = 15.0.27703.2018
MinimumVisualStudioVersion = 10.0.40219.1
Project("{9A19103F-16F7-4668-BE54-9A1E7A4F7556}") = "MinioDemo", "MinioDemo\MinioDemo.csproj", "{895647BD-9D30-4111-AA97-ACE13FAD16AD}"
EndProject
Global
	GlobalSection(SolutionConfigurationPlatforms) = preSolution
		Debug|Any CPU = Debug|Any CPU
		Release|Any CPU = Release|Any CPU
	EndGlobalSection
	GlobalSection(ProjectConfigurationPlatforms) = postSolution
		{895647BD-9D30-4111-AA97-ACE13FAD16AD}.Debug|Any CPU.ActiveCfg = Debug|Any CPU
		{895647BD-9D30-4111-AA97-ACE13FAD16AD}.Debug|Any CPU.Build.0 = Debug|Any CPU
		{895647BD-9D30-4111-AA97-ACE13FAD16AD}.Release|Any CPU.ActiveCfg = Release|Any CPU
		{895647BD-9D30-4111-AA97-ACE13FAD16AD}.Release|Any CPU.Build.0 = Release|Any CPU
	EndGlobalSection
	GlobalSection(SolutionProperties) = preSolution
		HideSolutionNode = FALSE
	EndGlobalSection
	GlobalSection(ExtensibilityGlobals) = postSolution
		SolutionGuid = {73840CA4-5DAF-48BE-B3F3-2BE45FC650D0}
	EndGlobalSection
EndGlobal
